
Microsoft Visual Studio Solution File, Format Version 12.00
Project("{FAE04EC0-301F-11D3-BF4B-00C04F79EFBC}") = "MongoDBQuery", "MongoDBQuery\MongoDBQuery.csproj", "{175A9C22-4185-41C9-A2CD-7125BF79003B}"
EndProject
Global
	GlobalSection(SolutionConfigurationPlatforms) = preSolution
		Debug|Any CPU = Debug|Any CPU
		Release|Any CPU = Release|Any CPU
	EndGlobalSection
	GlobalSection(ProjectConfigurationPlatforms) = postSolution
		{175A9C22-4185-41C9-A2CD-7125BF79003B}.Debug|Any CPU.ActiveCfg = Debug|Any CPU
		{175A9C22-4185-41C9-A2CD-7125BF79003B}.Debug|Any CPU.Build.0 = Debug|Any CPU
		{175A9C22-4185-41C9-A2CD-7125BF79003B}.Release|Any CPU.ActiveCfg = Release|Any CPU
		{175A9C22-4185-41C9-A2CD-7125BF79003B}.Release|Any CPU.Build.0 = Release|Any CPU
	EndGlobalSection
EndGlobal
